{
  "name": "@veaf/735th_training_airdefense_mission",
  "version": "1.0.0",
  "lockfileVersion": 1,
  "requires": true,
  "dependencies": {
    "@veaf/veaf-open-training-mission": {
      "version": "1.0.0",
      "resolved": "https://npm.pkg.github.com/download/@veaf/veaf-open-training-mission/1.0.0/7611a1a64e57d474275821909df5d828066d69b46b4436503da051d39daa7858",
      "integrity": "sha512-TtXuLrmNypIC+is+H/y5zZXnDow8rx8yGsYybm4ZUfMQ6B0EbGSl7zBaKurHPCUUr5NMtJOC9wU5pANIzhBKBQ=="
    }
  }
}
