{
  "name": "@veaf/735th_training_airdefense_mission",
  "version": "1.0.0",
  "lockfileVersion": 1,
  "requires": true,
  "dependencies": {
    "veaf-mission-creation-tools": {
      "version": "1.0.1",
      "resolved": "https://registry.npmjs.org/veaf-mission-creation-tools/-/veaf-mission-creation-tools-1.0.1.tgz",
      "integrity": "sha512-/RqBsu3nvlr3OnIxZzbnhQNwMwfqQlNvr8X41+XijrORImVfztpCdHAwRmcazndfDXlKNkBnx3WRW+spcEsGcw=="
    }
  }
}
