{
  "name": "@veaf/735th_training_airdefense_mission",
  "version": "1.0.0",
  "lockfileVersion": 1,
  "requires": true,
  "dependencies": {
    "@veaf/veaf-open-training-mission": {
      "version": "2019.11.20",
      "resolved": "https://npm.pkg.github.com/download/@veaf/veaf-open-training-mission/2019.11.20/0356bc21daa8408aeb7554bfe7e6e686cfec61e0686559c9ec8ea344916374cf",
      "integrity": "sha512-Q/9YwBzuEaCat+btb4q/GN6tNaw6NHJOkqepxWeyUnU+rzm+ENEevjGnc2G1+UvUF3XxuWaL7EZ/0MryKqh1Yg=="
    }
  }
}
